
Microsoft Visual Studio Solution File, Format Version 12.00
# Visual Studio Version 16
VisualStudioVersion = 16.0.29806.167
MinimumVisualStudioVersion = 10.0.40219.1
Project("{8BC9CEB8-8B4A-11D0-8D11-00A0C91BC942}") = "ClassListDumper", "ClassListDumper\ClassListDumper.vcxproj", "{2C72AE96-D7EE-4F04-97F0-EC7FF3DBCD7A}"
EndProject
Project("{FAE04EC0-301F-11D3-BF4B-00C04F79EFBC}") = "ClientLauncher", "ClientLauncher\ClientLauncher.csproj", "{7FB8CAB4-A2B9-4CD9-B9D5-7CC0DBA7B55C}"
EndProject
Project("{FAE04EC0-301F-11D3-BF4B-00C04F79EFBC}") = "Open101.Generator", "Open101.Generator\Open101.Generator.csproj", "{43CCC718-4873-4B03-86FF-4FBFC16B729E}"
EndProject
Project("{FAE04EC0-301F-11D3-BF4B-00C04F79EFBC}") = "Open101.Serializer", "Open101.Serializer\Open101.Serializer.csproj", "{9CBE2AC3-5B0A-4EC2-BF88-E376765D064D}"
EndProject
Project("{FAE04EC0-301F-11D3-BF4B-00C04F79EFBC}") = "SerializerPlayground", "SerializerPlayground\SerializerPlayground.csproj", "{201A35C6-2FBC-49A5-B361-A5539A0EA674}"
EndProject
Project("{FAE04EC0-301F-11D3-BF4B-00C04F79EFBC}") = "TempServer", "TempServer\TempServer.csproj", "{3ACA7440-6024-4469-BA3D-5FA16DBA6C3E}"
EndProject
Project("{FAE04EC0-301F-11D3-BF4B-00C04F79EFBC}") = "Open101.Tools.PacketProxy", "Open101.Tools.PacketProxy\Open101.Tools.PacketProxy.csproj", "{6E6C9A61-9F45-41B9-B5B0-B38A17B8DE53}"
EndProject
Project("{FAE04EC0-301F-11D3-BF4B-00C04F79EFBC}") = "Open101.Net", "Open101.Net\Open101.Net.csproj", "{89A28761-7E25-427D-977D-8D200F466F88}"
EndProject
Project("{FAE04EC0-301F-11D3-BF4B-00C04F79EFBC}") = "Open101.Tools.CaptureAnalyser", "Open101.Tools.CaptureAnalyser\Open101.Tools.CaptureAnalyser.csproj", "{38D2DE20-52AD-47FD-BD41-74303F98F353}"
EndProject
Project("{FAE04EC0-301F-11D3-BF4B-00C04F79EFBC}") = "Open101.IO", "Open101.IO\Open101.IO.csproj", "{E3DE9720-2E44-4E29-A836-9C9BEA444A0D}"
EndProject
Global
	GlobalSection(SolutionConfigurationPlatforms) = preSolution
		Debug|Any CPU = Debug|Any CPU
		Debug|x64 = Debug|x64
		Debug|x86 = Debug|x86
		Release|Any CPU = Release|Any CPU
		Release|x64 = Release|x64
		Release|x86 = Release|x86
	EndGlobalSection
	GlobalSection(ProjectConfigurationPlatforms) = postSolution
		{2C72AE96-D7EE-4F04-97F0-EC7FF3DBCD7A}.Debug|Any CPU.ActiveCfg = Release|Win32
		{2C72AE96-D7EE-4F04-97F0-EC7FF3DBCD7A}.Debug|Any CPU.Build.0 = Release|Win32
		{2C72AE96-D7EE-4F04-97F0-EC7FF3DBCD7A}.Debug|x64.ActiveCfg = Debug|x64
		{2C72AE96-D7EE-4F04-97F0-EC7FF3DBCD7A}.Debug|x64.Build.0 = Debug|x64
		{2C72AE96-D7EE-4F04-97F0-EC7FF3DBCD7A}.Debug|x86.ActiveCfg = Debug|Win32
		{2C72AE96-D7EE-4F04-97F0-EC7FF3DBCD7A}.Debug|x86.Build.0 = Debug|Win32
		{2C72AE96-D7EE-4F04-97F0-EC7FF3DBCD7A}.Release|Any CPU.ActiveCfg = Release|Win32
		{2C72AE96-D7EE-4F04-97F0-EC7FF3DBCD7A}.Release|x64.ActiveCfg = Release|x64
		{2C72AE96-D7EE-4F04-97F0-EC7FF3DBCD7A}.Release|x64.Build.0 = Release|x64
		{2C72AE96-D7EE-4F04-97F0-EC7FF3DBCD7A}.Release|x86.ActiveCfg = Release|Win32
		{2C72AE96-D7EE-4F04-97F0-EC7FF3DBCD7A}.Release|x86.Build.0 = Release|Win32
		{7FB8CAB4-A2B9-4CD9-B9D5-7CC0DBA7B55C}.Debug|Any CPU.ActiveCfg = Debug|Any CPU
		{7FB8CAB4-A2B9-4CD9-B9D5-7CC0DBA7B55C}.Debug|Any CPU.Build.0 = Debug|Any CPU
		{7FB8CAB4-A2B9-4CD9-B9D5-7CC0DBA7B55C}.Debug|x64.ActiveCfg = Debug|Any CPU
		{7FB8CAB4-A2B9-4CD9-B9D5-7CC0DBA7B55C}.Debug|x64.Build.0 = Debug|Any CPU
		{7FB8CAB4-A2B9-4CD9-B9D5-7CC0DBA7B55C}.Debug|x86.ActiveCfg = Debug|Any CPU
		{7FB8CAB4-A2B9-4CD9-B9D5-7CC0DBA7B55C}.Debug|x86.Build.0 = Debug|Any CPU
		{7FB8CAB4-A2B9-4CD9-B9D5-7CC0DBA7B55C}.Release|Any CPU.ActiveCfg = Release|Any CPU
		{7FB8CAB4-A2B9-4CD9-B9D5-7CC0DBA7B55C}.Release|Any CPU.Build.0 = Release|Any CPU
		{7FB8CAB4-A2B9-4CD9-B9D5-7CC0DBA7B55C}.Release|x64.ActiveCfg = Release|Any CPU
		{7FB8CAB4-A2B9-4CD9-B9D5-7CC0DBA7B55C}.Release|x64.Build.0 = Release|Any CPU
		{7FB8CAB4-A2B9-4CD9-B9D5-7CC0DBA7B55C}.Release|x86.ActiveCfg = Release|Any CPU
		{7FB8CAB4-A2B9-4CD9-B9D5-7CC0DBA7B55C}.Release|x86.Build.0 = Release|Any CPU
		{43CCC718-4873-4B03-86FF-4FBFC16B729E}.Debug|Any CPU.ActiveCfg = Debug|Any CPU
		{43CCC718-4873-4B03-86FF-4FBFC16B729E}.Debug|Any CPU.Build.0 = Debug|Any CPU
		{43CCC718-4873-4B03-86FF-4FBFC16B729E}.Debug|x64.ActiveCfg = Debug|Any CPU
		{43CCC718-4873-4B03-86FF-4FBFC16B729E}.Debug|x64.Build.0 = Debug|Any CPU
		{43CCC718-4873-4B03-86FF-4FBFC16B729E}.Debug|x86.ActiveCfg = Debug|Any CPU
		{43CCC718-4873-4B03-86FF-4FBFC16B729E}.Debug|x86.Build.0 = Debug|Any CPU
		{43CCC718-4873-4B03-86FF-4FBFC16B729E}.Release|Any CPU.ActiveCfg = Release|Any CPU
		{43CCC718-4873-4B03-86FF-4FBFC16B729E}.Release|Any CPU.Build.0 = Release|Any CPU
		{43CCC718-4873-4B03-86FF-4FBFC16B729E}.Release|x64.ActiveCfg = Release|Any CPU
		{43CCC718-4873-4B03-86FF-4FBFC16B729E}.Release|x64.Build.0 = Release|Any CPU
		{43CCC718-4873-4B03-86FF-4FBFC16B729E}.Release|x86.ActiveCfg = Release|Any CPU
		{43CCC718-4873-4B03-86FF-4FBFC16B729E}.Release|x86.Build.0 = Release|Any CPU
		{9CBE2AC3-5B0A-4EC2-BF88-E376765D064D}.Debug|Any CPU.ActiveCfg = Debug|Any CPU
		{9CBE2AC3-5B0A-4EC2-BF88-E376765D064D}.Debug|Any CPU.Build.0 = Debug|Any CPU
		{9CBE2AC3-5B0A-4EC2-BF88-E376765D064D}.Debug|x64.ActiveCfg = Debug|Any CPU
		{9CBE2AC3-5B0A-4EC2-BF88-E376765D064D}.Debug|x64.Build.0 = Debug|Any CPU
		{9CBE2AC3-5B0A-4EC2-BF88-E376765D064D}.Debug|x86.ActiveCfg = Debug|Any CPU
		{9CBE2AC3-5B0A-4EC2-BF88-E376765D064D}.Debug|x86.Build.0 = Debug|Any CPU
		{9CBE2AC3-5B0A-4EC2-BF88-E376765D064D}.Release|Any CPU.ActiveCfg = Release|Any CPU
		{9CBE2AC3-5B0A-4EC2-BF88-E376765D064D}.Release|Any CPU.Build.0 = Release|Any CPU
		{9CBE2AC3-5B0A-4EC2-BF88-E376765D064D}.Release|x64.ActiveCfg = Release|Any CPU
		{9CBE2AC3-5B0A-4EC2-BF88-E376765D064D}.Release|x64.Build.0 = Release|Any CPU
		{9CBE2AC3-5B0A-4EC2-BF88-E376765D064D}.Release|x86.ActiveCfg = Release|Any CPU
		{9CBE2AC3-5B0A-4EC2-BF88-E376765D064D}.Release|x86.Build.0 = Release|Any CPU
		{201A35C6-2FBC-49A5-B361-A5539A0EA674}.Debug|Any CPU.ActiveCfg = Debug|Any CPU
		{201A35C6-2FBC-49A5-B361-A5539A0EA674}.Debug|Any CPU.Build.0 = Debug|Any CPU
		{201A35C6-2FBC-49A5-B361-A5539A0EA674}.Debug|x64.ActiveCfg = Debug|Any CPU
		{201A35C6-2FBC-49A5-B361-A5539A0EA674}.Debug|x64.Build.0 = Debug|Any CPU
		{201A35C6-2FBC-49A5-B361-A5539A0EA674}.Debug|x86.ActiveCfg = Debug|Any CPU
		{201A35C6-2FBC-49A5-B361-A5539A0EA674}.Debug|x86.Build.0 = Debug|Any CPU
		{201A35C6-2FBC-49A5-B361-A5539A0EA674}.Release|Any CPU.ActiveCfg = Release|Any CPU
		{201A35C6-2FBC-49A5-B361-A5539A0EA674}.Release|Any CPU.Build.0 = Release|Any CPU
		{201A35C6-2FBC-49A5-B361-A5539A0EA674}.Release|x64.ActiveCfg = Release|Any CPU
		{201A35C6-2FBC-49A5-B361-A5539A0EA674}.Release|x64.Build.0 = Release|Any CPU
		{201A35C6-2FBC-49A5-B361-A5539A0EA674}.Release|x86.ActiveCfg = Release|Any CPU
		{201A35C6-2FBC-49A5-B361-A5539A0EA674}.Release|x86.Build.0 = Release|Any CPU
		{3ACA7440-6024-4469-BA3D-5FA16DBA6C3E}.Debug|Any CPU.ActiveCfg = Debug|Any CPU
		{3ACA7440-6024-4469-BA3D-5FA16DBA6C3E}.Debug|Any CPU.Build.0 = Debug|Any CPU
		{3ACA7440-6024-4469-BA3D-5FA16DBA6C3E}.Debug|x64.ActiveCfg = Debug|Any CPU
		{3ACA7440-6024-4469-BA3D-5FA16DBA6C3E}.Debug|x64.Build.0 = Debug|Any CPU
		{3ACA7440-6024-4469-BA3D-5FA16DBA6C3E}.Debug|x86.ActiveCfg = Debug|Any CPU
		{3ACA7440-6024-4469-BA3D-5FA16DBA6C3E}.Debug|x86.Build.0 = Debug|Any CPU
		{3ACA7440-6024-4469-BA3D-5FA16DBA6C3E}.Release|Any CPU.ActiveCfg = Release|Any CPU
		{3ACA7440-6024-4469-BA3D-5FA16DBA6C3E}.Release|Any CPU.Build.0 = Release|Any CPU
		{3ACA7440-6024-4469-BA3D-5FA16DBA6C3E}.Release|x64.ActiveCfg = Release|Any CPU
		{3ACA7440-6024-4469-BA3D-5FA16DBA6C3E}.Release|x64.Build.0 = Release|Any CPU
		{3ACA7440-6024-4469-BA3D-5FA16DBA6C3E}.Release|x86.ActiveCfg = Release|Any CPU
		{3ACA7440-6024-4469-BA3D-5FA16DBA6C3E}.Release|x86.Build.0 = Release|Any CPU
		{6E6C9A61-9F45-41B9-B5B0-B38A17B8DE53}.Debug|Any CPU.ActiveCfg = Debug|Any CPU
		{6E6C9A61-9F45-41B9-B5B0-B38A17B8DE53}.Debug|Any CPU.Build.0 = Debug|Any CPU
		{6E6C9A61-9F45-41B9-B5B0-B38A17B8DE53}.Debug|x64.ActiveCfg = Debug|Any CPU
		{6E6C9A61-9F45-41B9-B5B0-B38A17B8DE53}.Debug|x64.Build.0 = Debug|Any CPU
		{6E6C9A61-9F45-41B9-B5B0-B38A17B8DE53}.Debug|x86.ActiveCfg = Debug|Any CPU
		{6E6C9A61-9F45-41B9-B5B0-B38A17B8DE53}.Debug|x86.Build.0 = Debug|Any CPU
		{6E6C9A61-9F45-41B9-B5B0-B38A17B8DE53}.Release|Any CPU.ActiveCfg = Release|Any CPU
		{6E6C9A61-9F45-41B9-B5B0-B38A17B8DE53}.Release|Any CPU.Build.0 = Release|Any CPU
		{6E6C9A61-9F45-41B9-B5B0-B38A17B8DE53}.Release|x64.ActiveCfg = Release|Any CPU
		{6E6C9A61-9F45-41B9-B5B0-B38A17B8DE53}.Release|x64.Build.0 = Release|Any CPU
		{6E6C9A61-9F45-41B9-B5B0-B38A17B8DE53}.Release|x86.ActiveCfg = Release|Any CPU
		{6E6C9A61-9F45-41B9-B5B0-B38A17B8DE53}.Release|x86.Build.0 = Release|Any CPU
		{89A28761-7E25-427D-977D-8D200F466F88}.Debug|Any CPU.ActiveCfg = Debug|Any CPU
		{89A28761-7E25-427D-977D-8D200F466F88}.Debug|Any CPU.Build.0 = Debug|Any CPU
		{89A28761-7E25-427D-977D-8D200F466F88}.Debug|x64.ActiveCfg = Debug|Any CPU
		{89A28761-7E25-427D-977D-8D200F466F88}.Debug|x64.Build.0 = Debug|Any CPU
		{89A28761-7E25-427D-977D-8D200F466F88}.Debug|x86.ActiveCfg = Debug|Any CPU
		{89A28761-7E25-427D-977D-8D200F466F88}.Debug|x86.Build.0 = Debug|Any CPU
		{89A28761-7E25-427D-977D-8D200F466F88}.Release|Any CPU.ActiveCfg = Release|Any CPU
		{89A28761-7E25-427D-977D-8D200F466F88}.Release|Any CPU.Build.0 = Release|Any CPU
		{89A28761-7E25-427D-977D-8D200F466F88}.Release|x64.ActiveCfg = Release|Any CPU
		{89A28761-7E25-427D-977D-8D200F466F88}.Release|x64.Build.0 = Release|Any CPU
		{89A28761-7E25-427D-977D-8D200F466F88}.Release|x86.ActiveCfg = Release|Any CPU
		{89A28761-7E25-427D-977D-8D200F466F88}.Release|x86.Build.0 = Release|Any CPU
		{38D2DE20-52AD-47FD-BD41-74303F98F353}.Debug|Any CPU.ActiveCfg = Debug|Any CPU
		{38D2DE20-52AD-47FD-BD41-74303F98F353}.Debug|Any CPU.Build.0 = Debug|Any CPU
		{38D2DE20-52AD-47FD-BD41-74303F98F353}.Debug|x64.ActiveCfg = Debug|Any CPU
		{38D2DE20-52AD-47FD-BD41-74303F98F353}.Debug|x64.Build.0 = Debug|Any CPU
		{38D2DE20-52AD-47FD-BD41-74303F98F353}.Debug|x86.ActiveCfg = Debug|Any CPU
		{38D2DE20-52AD-47FD-BD41-74303F98F353}.Debug|x86.Build.0 = Debug|Any CPU
		{38D2DE20-52AD-47FD-BD41-74303F98F353}.Release|Any CPU.ActiveCfg = Release|Any CPU
		{38D2DE20-52AD-47FD-BD41-74303F98F353}.Release|Any CPU.Build.0 = Release|Any CPU
		{38D2DE20-52AD-47FD-BD41-74303F98F353}.Release|x64.ActiveCfg = Release|Any CPU
		{38D2DE20-52AD-47FD-BD41-74303F98F353}.Release|x64.Build.0 = Release|Any CPU
		{38D2DE20-52AD-47FD-BD41-74303F98F353}.Release|x86.ActiveCfg = Release|Any CPU
		{38D2DE20-52AD-47FD-BD41-74303F98F353}.Release|x86.Build.0 = Release|Any CPU
		{E3DE9720-2E44-4E29-A836-9C9BEA444A0D}.Debug|Any CPU.ActiveCfg = Debug|Any CPU
		{E3DE9720-2E44-4E29-A836-9C9BEA444A0D}.Debug|Any CPU.Build.0 = Debug|Any CPU
		{E3DE9720-2E44-4E29-A836-9C9BEA444A0D}.Debug|x64.ActiveCfg = Debug|Any CPU
		{E3DE9720-2E44-4E29-A836-9C9BEA444A0D}.Debug|x64.Build.0 = Debug|Any CPU
		{E3DE9720-2E44-4E29-A836-9C9BEA444A0D}.Debug|x86.ActiveCfg = Debug|Any CPU
		{E3DE9720-2E44-4E29-A836-9C9BEA444A0D}.Debug|x86.Build.0 = Debug|Any CPU
		{E3DE9720-2E44-4E29-A836-9C9BEA444A0D}.Release|Any CPU.ActiveCfg = Release|Any CPU
		{E3DE9720-2E44-4E29-A836-9C9BEA444A0D}.Release|Any CPU.Build.0 = Release|Any CPU
		{E3DE9720-2E44-4E29-A836-9C9BEA444A0D}.Release|x64.ActiveCfg = Release|Any CPU
		{E3DE9720-2E44-4E29-A836-9C9BEA444A0D}.Release|x64.Build.0 = Release|Any CPU
		{E3DE9720-2E44-4E29-A836-9C9BEA444A0D}.Release|x86.ActiveCfg = Release|Any CPU
		{E3DE9720-2E44-4E29-A836-9C9BEA444A0D}.Release|x86.Build.0 = Release|Any CPU
		{298F96CE-1F4C-4D24-91D4-953F32CA2A77}.Debug|Any CPU.ActiveCfg = Debug|Any CPU
		{298F96CE-1F4C-4D24-91D4-953F32CA2A77}.Debug|Any CPU.Build.0 = Debug|Any CPU
		{298F96CE-1F4C-4D24-91D4-953F32CA2A77}.Debug|x64.ActiveCfg = Debug|Any CPU
		{298F96CE-1F4C-4D24-91D4-953F32CA2A77}.Debug|x64.Build.0 = Debug|Any CPU
		{298F96CE-1F4C-4D24-91D4-953F32CA2A77}.Debug|x86.ActiveCfg = Debug|Any CPU
		{298F96CE-1F4C-4D24-91D4-953F32CA2A77}.Debug|x86.Build.0 = Debug|Any CPU
		{298F96CE-1F4C-4D24-91D4-953F32CA2A77}.Release|Any CPU.ActiveCfg = Release|Any CPU
		{298F96CE-1F4C-4D24-91D4-953F32CA2A77}.Release|Any CPU.Build.0 = Release|Any CPU
		{298F96CE-1F4C-4D24-91D4-953F32CA2A77}.Release|x64.ActiveCfg = Release|Any CPU
		{298F96CE-1F4C-4D24-91D4-953F32CA2A77}.Release|x64.Build.0 = Release|Any CPU
		{298F96CE-1F4C-4D24-91D4-953F32CA2A77}.Release|x86.ActiveCfg = Release|Any CPU
		{298F96CE-1F4C-4D24-91D4-953F32CA2A77}.Release|x86.Build.0 = Release|Any CPU
	EndGlobalSection
	GlobalSection(SolutionProperties) = preSolution
		HideSolutionNode = FALSE
	EndGlobalSection
	GlobalSection(ExtensibilityGlobals) = postSolution
		SolutionGuid = {2693FF04-AECE-4EA7-915D-CE7A712FC0D5}
	EndGlobalSection
EndGlobal
